Microsoft Visual Studio Solution File, Format Version 12.00
# Visual Studio Version 16
VisualStudioVersion = 16.0.29503.13
MinimumVisualStudioVersion = 10.0.40219.1
Project("{9A19103F-16F7-4668-BE54-9A1E7A4F7556}") = "Producks.Data", "Producks.Data\Producks.Data.csproj", "{170BA786-EE89-46CB-8D36-54E3398A5DBA}"
EndProject
Project("{9A19103F-16F7-4668-BE54-9A1E7A4F7556}") = "Producks.Web", "Producks.Web\Producks.Web.csproj", "{303533C7-5BBD-4B20-A509-9AB1C2FDF57E}"
EndProject
Project("{FAE04EC0-301F-11D3-BF4B-00C04F79EFBC}") = "Producks.UnderCuttersFacade", "Producks.UnderCuttersFacade\Producks.UnderCuttersFacade.csproj", "{DD1ECE06-7925-4F23-A1A4-877D390DA063}"
EndProject
Global
	GlobalSection(SolutionConfigurationPlatforms) = preSolution
		Debug|Any CPU = Debug|Any CPU
		Release|Any CPU = Release|Any CPU
	EndGlobalSection
	GlobalSection(ProjectConfigurationPlatforms) = postSolution
		{170BA786-EE89-46CB-8D36-54E3398A5DBA}.Debug|Any CPU.ActiveCfg = Debug|Any CPU
		{170BA786-EE89-46CB-8D36-54E3398A5DBA}.Debug|Any CPU.Build.0 = Debug|Any CPU
		{170BA786-EE89-46CB-8D36-54E3398A5DBA}.Release|Any CPU.ActiveCfg = Release|Any CPU
		{170BA786-EE89-46CB-8D36-54E3398A5DBA}.Release|Any CPU.Build.0 = Release|Any CPU
		{303533C7-5BBD-4B20-A509-9AB1C2FDF57E}.Debug|Any CPU.ActiveCfg = Debug|Any CPU
		{303533C7-5BBD-4B20-A509-9AB1C2FDF57E}.Debug|Any CPU.Build.0 = Debug|Any CPU
		{303533C7-5BBD-4B20-A509-9AB1C2FDF57E}.Release|Any CPU.ActiveCfg = Release|Any CPU
		{303533C7-5BBD-4B20-A509-9AB1C2FDF57E}.Release|Any CPU.Build.0 = Release|Any CPU
		{DD1ECE06-7925-4F23-A1A4-877D390DA063}.Debug|Any CPU.ActiveCfg = Debug|Any CPU
		{DD1ECE06-7925-4F23-A1A4-877D390DA063}.Debug|Any CPU.Build.0 = Debug|Any CPU
		{DD1ECE06-7925-4F23-A1A4-877D390DA063}.Release|Any CPU.ActiveCfg = Release|Any CPU
		{DD1ECE06-7925-4F23-A1A4-877D390DA063}.Release|Any CPU.Build.0 = Release|Any CPU
	EndGlobalSection
	GlobalSection(SolutionProperties) = preSolution
		HideSolutionNode = FALSE
	EndGlobalSection
	GlobalSection(ExtensibilityGlobals) = postSolution
		SolutionGuid = {8AF4DDEB-C068-4CF3-BA74-E7D61AFDB62F}
	EndGlobalSection
EndGlobal
